
Microsoft Visual Studio Solution File, Format Version 12.00
# Visual Studio Version 17
VisualStudioVersion = 17.4.33122.133
MinimumVisualStudioVersion = 10.0.40219.1
Project("{FAE04EC0-301F-11D3-BF4B-00C04F79EFBC}") = "Blazor.Presentation.Client", "Blazor.Presentation.Client\Blazor.Presentation.Client.csproj", "{897CFD85-67AC-40BA-82D3-DFA92CAD4516}"
EndProject
Project("{FAE04EC0-301F-11D3-BF4B-00C04F79EFBC}") = "Blazor.Presentation.Server", "Blazor.Presentation.Server\Blazor.Presentation.Server.csproj", "{07504F53-3329-42C7-804F-54119661A19D}"
EndProject
Project("{FAE04EC0-301F-11D3-BF4B-00C04F79EFBC}") = "Blazor.Shared.Implementations", "Blazor.Shared\Blazor.Shared.Implementations.csproj", "{1D6A6F08-A031-4869-B4D2-755A5EDC20F1}"
EndProject
Project("{FAE04EC0-301F-11D3-BF4B-00C04F79EFBC}") = "Blazor.Shared.Abstractions", "Blazor.Shared.Abstractions\Blazor.Shared.Abstractions.csproj", "{89C24943-A364-45E4-95DD-D8B0E13F5746}"
EndProject
Project("{FAE04EC0-301F-11D3-BF4B-00C04F79EFBC}") = "Blazor.Shared.Entities", "Blazor.Shared.Entities\Blazor.Shared.Entities.csproj", "{53D7A10A-B424-456C-9524-80B6B1EC4F79}"
EndProject
Global
	GlobalSection(SolutionConfigurationPlatforms) = preSolution
		Debug|Any CPU = Debug|Any CPU
		Release|Any CPU = Release|Any CPU
	EndGlobalSection
	GlobalSection(ProjectConfigurationPlatforms) = postSolution
		{897CFD85-67AC-40BA-82D3-DFA92CAD4516}.Debug|Any CPU.ActiveCfg = Debug|Any CPU
		{897CFD85-67AC-40BA-82D3-DFA92CAD4516}.Debug|Any CPU.Build.0 = Debug|Any CPU
		{897CFD85-67AC-40BA-82D3-DFA92CAD4516}.Release|Any CPU.ActiveCfg = Release|Any CPU
		{897CFD85-67AC-40BA-82D3-DFA92CAD4516}.Release|Any CPU.Build.0 = Release|Any CPU
		{07504F53-3329-42C7-804F-54119661A19D}.Debug|Any CPU.ActiveCfg = Debug|Any CPU
		{07504F53-3329-42C7-804F-54119661A19D}.Debug|Any CPU.Build.0 = Debug|Any CPU
		{07504F53-3329-42C7-804F-54119661A19D}.Release|Any CPU.ActiveCfg = Release|Any CPU
		{07504F53-3329-42C7-804F-54119661A19D}.Release|Any CPU.Build.0 = Release|Any CPU
		{1D6A6F08-A031-4869-B4D2-755A5EDC20F1}.Debug|Any CPU.ActiveCfg = Debug|Any CPU
		{1D6A6F08-A031-4869-B4D2-755A5EDC20F1}.Debug|Any CPU.Build.0 = Debug|Any CPU
		{1D6A6F08-A031-4869-B4D2-755A5EDC20F1}.Release|Any CPU.ActiveCfg = Release|Any CPU
		{1D6A6F08-A031-4869-B4D2-755A5EDC20F1}.Release|Any CPU.Build.0 = Release|Any CPU
		{89C24943-A364-45E4-95DD-D8B0E13F5746}.Debug|Any CPU.ActiveCfg = Debug|Any CPU
		{89C24943-A364-45E4-95DD-D8B0E13F5746}.Debug|Any CPU.Build.0 = Debug|Any CPU
		{89C24943-A364-45E4-95DD-D8B0E13F5746}.Release|Any CPU.ActiveCfg = Release|Any CPU
		{89C24943-A364-45E4-95DD-D8B0E13F5746}.Release|Any CPU.Build.0 = Release|Any CPU
		{53D7A10A-B424-456C-9524-80B6B1EC4F79}.Debug|Any CPU.ActiveCfg = Debug|Any CPU
		{53D7A10A-B424-456C-9524-80B6B1EC4F79}.Debug|Any CPU.Build.0 = Debug|Any CPU
		{53D7A10A-B424-456C-9524-80B6B1EC4F79}.Release|Any CPU.ActiveCfg = Release|Any CPU
		{53D7A10A-B424-456C-9524-80B6B1EC4F79}.Release|Any CPU.Build.0 = Release|Any CPU
	EndGlobalSection
	GlobalSection(SolutionProperties) = preSolution
		HideSolutionNode = FALSE
	EndGlobalSection
	GlobalSection(ExtensibilityGlobals) = postSolution
		SolutionGuid = {6E7F0ECB-59AA-4416-ABB8-0E093086E465}
	EndGlobalSection
EndGlobal
