
Microsoft Visual Studio Solution File, Format Version 12.00
# Visual Studio Version 17
VisualStudioVersion = 17.4.33122.133
MinimumVisualStudioVersion = 10.0.40219.1
Project("{FAE04EC0-301F-11D3-BF4B-00C04F79EFBC}") = "Blazor.Presentation.Client", "Blazor.Presentation.Client\Blazor.Presentation.Client.csproj", "{897CFD85-67AC-40BA-82D3-DFA92CAD4516}"
EndProject
Global
	GlobalSection(SolutionConfigurationPlatforms) = preSolution
		Debug|Any CPU = Debug|Any CPU
		Release|Any CPU = Release|Any CPU
	EndGlobalSection
	GlobalSection(ProjectConfigurationPlatforms) = postSolution
		{897CFD85-67AC-40BA-82D3-DFA92CAD4516}.Debug|Any CPU.ActiveCfg = Debug|Any CPU
		{897CFD85-67AC-40BA-82D3-DFA92CAD4516}.Debug|Any CPU.Build.0 = Debug|Any CPU
		{897CFD85-67AC-40BA-82D3-DFA92CAD4516}.Release|Any CPU.ActiveCfg = Release|Any CPU
		{897CFD85-67AC-40BA-82D3-DFA92CAD4516}.Release|Any CPU.Build.0 = Release|Any CPU
	EndGlobalSection
	GlobalSection(SolutionProperties) = preSolution
		HideSolutionNode = FALSE
	EndGlobalSection
	GlobalSection(ExtensibilityGlobals) = postSolution
		SolutionGuid = {6E7F0ECB-59AA-4416-ABB8-0E093086E465}
	EndGlobalSection
EndGlobal
